
Microsoft Visual Studio Solution File, Format Version 12.00
# Visual Studio 15
VisualStudioVersion = 15.0.27703.2042
MinimumVisualStudioVersion = 10.0.40219.1
Project("{FAE04EC0-301F-11D3-BF4B-00C04F79EFBC}") = "forWindows", "forWindows\forWindows.csproj", "{7F433358-62C6-4B41-B9CF-B8A9C3D4D708}"
EndProject
Project("{FAE04EC0-301F-11D3-BF4B-00C04F79EFBC}") = "forAndroid", "forAndroid\forAndroid.csproj", "{99830CB6-A54C-4A22-9196-174ACA842364}"
EndProject
Project("{D954291E-2A0B-460D-934E-DC6B0785DB48}") = "SharedProject", "SharedProject\SharedProject.shproj", "{C01D4F6A-EC53-437F-84E8-98AF0B8C28D3}"
EndProject
Global
	GlobalSection(SharedMSBuildProjectFiles) = preSolution
		SharedProject\SharedProject.projitems*{7f433358-62c6-4b41-b9cf-b8a9c3d4d708}*SharedItemsImports = 4
		SharedProject\SharedProject.projitems*{99830cb6-a54c-4a22-9196-174aca842364}*SharedItemsImports = 4
		SharedProject\SharedProject.projitems*{c01d4f6a-ec53-437f-84e8-98af0b8c28d3}*SharedItemsImports = 13
	EndGlobalSection
	GlobalSection(SolutionConfigurationPlatforms) = preSolution
		Debug|Any CPU = Debug|Any CPU
		Debug|x86 = Debug|x86
		Release|Any CPU = Release|Any CPU
		Release|x86 = Release|x86
	EndGlobalSection
	GlobalSection(ProjectConfigurationPlatforms) = postSolution
		{7F433358-62C6-4B41-B9CF-B8A9C3D4D708}.Debug|Any CPU.ActiveCfg = Debug|x86
		{7F433358-62C6-4B41-B9CF-B8A9C3D4D708}.Debug|x86.ActiveCfg = Debug|x86
		{7F433358-62C6-4B41-B9CF-B8A9C3D4D708}.Debug|x86.Build.0 = Debug|x86
		{7F433358-62C6-4B41-B9CF-B8A9C3D4D708}.Release|Any CPU.ActiveCfg = Release|x86
		{7F433358-62C6-4B41-B9CF-B8A9C3D4D708}.Release|x86.ActiveCfg = Release|x86
		{7F433358-62C6-4B41-B9CF-B8A9C3D4D708}.Release|x86.Build.0 = Release|x86
		{99830CB6-A54C-4A22-9196-174ACA842364}.Debug|Any CPU.ActiveCfg = Debug|Any CPU
		{99830CB6-A54C-4A22-9196-174ACA842364}.Debug|Any CPU.Build.0 = Debug|Any CPU
		{99830CB6-A54C-4A22-9196-174ACA842364}.Debug|Any CPU.Deploy.0 = Debug|Any CPU
		{99830CB6-A54C-4A22-9196-174ACA842364}.Debug|x86.ActiveCfg = Debug|Any CPU
		{99830CB6-A54C-4A22-9196-174ACA842364}.Debug|x86.Build.0 = Debug|Any CPU
		{99830CB6-A54C-4A22-9196-174ACA842364}.Debug|x86.Deploy.0 = Debug|Any CPU
		{99830CB6-A54C-4A22-9196-174ACA842364}.Release|Any CPU.ActiveCfg = Release|Any CPU
		{99830CB6-A54C-4A22-9196-174ACA842364}.Release|Any CPU.Build.0 = Release|Any CPU
		{99830CB6-A54C-4A22-9196-174ACA842364}.Release|Any CPU.Deploy.0 = Release|Any CPU
		{99830CB6-A54C-4A22-9196-174ACA842364}.Release|x86.ActiveCfg = Release|Any CPU
		{99830CB6-A54C-4A22-9196-174ACA842364}.Release|x86.Build.0 = Release|Any CPU
		{99830CB6-A54C-4A22-9196-174ACA842364}.Release|x86.Deploy.0 = Release|Any CPU
	EndGlobalSection
	GlobalSection(SolutionProperties) = preSolution
		HideSolutionNode = FALSE
	EndGlobalSection
	GlobalSection(ExtensibilityGlobals) = postSolution
		SolutionGuid = {1DFCBA66-8647-4385-BFDF-D10651CFBB68}
	EndGlobalSection
EndGlobal
